
Microsoft Visual Studio Solution File, Format Version 12.00
# Visual Studio Version 16
VisualStudioVersion = 16.0.31005.135
MinimumVisualStudioVersion = 10.0.40219.1
Project("{FAE04EC0-301F-11D3-BF4B-00C04F79EFBC}") = "BubbleWrap", "BubbleWrap\BubbleWrap.csproj", "{F58B398D-D46E-433D-87D2-2D197DBA749E}"
EndProject
Global
	GlobalSection(SolutionConfigurationPlatforms) = preSolution
		Debug|Any CPU = Debug|Any CPU
		Release|Any CPU = Release|Any CPU
	EndGlobalSection
	GlobalSection(ProjectConfigurationPlatforms) = postSolution
		{F58B398D-D46E-433D-87D2-2D197DBA749E}.Debug|Any CPU.ActiveCfg = Debug|Any CPU
		{F58B398D-D46E-433D-87D2-2D197DBA749E}.Debug|Any CPU.Build.0 = Debug|Any CPU
		{F58B398D-D46E-433D-87D2-2D197DBA749E}.Release|Any CPU.ActiveCfg = Release|Any CPU
		{F58B398D-D46E-433D-87D2-2D197DBA749E}.Release|Any CPU.Build.0 = Release|Any CPU
	EndGlobalSection
	GlobalSection(SolutionProperties) = preSolution
		HideSolutionNode = FALSE
	EndGlobalSection
	GlobalSection(ExtensibilityGlobals) = postSolution
		SolutionGuid = {E528B8E2-8158-4994-9D93-1D0692A12BFC}
	EndGlobalSection
EndGlobal
